
Microsoft Visual Studio Solution File, Format Version 12.00
# Visual Studio Version 16
VisualStudioVersion = 16.0.29326.143
MinimumVisualStudioVersion = 10.0.40219.1
Project("{9A19103F-16F7-4668-BE54-9A1E7A4F7556}") = "IdentityServer", "IdentityServer\IdentityServer.csproj", "{24918796-630B-41A6-B83B-EEEB13276FFE}"
EndProject
Project("{9A19103F-16F7-4668-BE54-9A1E7A4F7556}") = "IdentityServer.Host.Ng", "IdentityServerHostNg\IdentityServer.Host.Ng.csproj", "{6303E5D4-9751-4223-AA89-79C25005AE38}"
EndProject
Project("{2150E333-8FDC-42A3-9474-1A3956D46DE8}") = "TokenCertificates", "TokenCertificates", "{C4FF7986-497C-4E21-9098-A2BB1946719D}"
	ProjectSection(SolutionItems) = preProject
		TokenCertificates\create_token_certificates.ps1 = TokenCertificates\create_token_certificates.ps1
		TokenCertificates\install_token_signing_certificate.ps1 = TokenCertificates\install_token_signing_certificate.ps1
		TokenCertificates\install_token_validation_certificate.ps1 = TokenCertificates\install_token_validation_certificate.ps1
		TokenCertificates\list_thumbprints.ps1 = TokenCertificates\list_thumbprints.ps1
		TokenCertificates\README.md = TokenCertificates\README.md
	EndProjectSection
EndProject
Project("{2150E333-8FDC-42A3-9474-1A3956D46DE8}") = "Shared", "Shared", "{68C0B471-D476-422D-973B-A448B26CF75B}"
	ProjectSection(SolutionItems) = preProject
		Shared\GlobalSuppressions.cs = Shared\GlobalSuppressions.cs
	EndProjectSection
EndProject
Project("{2150E333-8FDC-42A3-9474-1A3956D46DE8}") = "Solution Items", "Solution Items", "{B4FAA660-7F9C-4A29-9756-727ECB838C3E}"
	ProjectSection(SolutionItems) = preProject
		README.md = README.md
		NuGet.Config = NuGet.Config
		azure-pipelines.yml = azure-pipelines.yml
	EndProjectSection
EndProject
Global
	GlobalSection(SolutionConfigurationPlatforms) = preSolution
		Debug|Any CPU = Debug|Any CPU
		Release|Any CPU = Release|Any CPU
	EndGlobalSection
	GlobalSection(ProjectConfigurationPlatforms) = postSolution
		{24918796-630B-41A6-B83B-EEEB13276FFE}.Debug|Any CPU.ActiveCfg = Debug|Any CPU
		{24918796-630B-41A6-B83B-EEEB13276FFE}.Debug|Any CPU.Build.0 = Debug|Any CPU
		{24918796-630B-41A6-B83B-EEEB13276FFE}.Release|Any CPU.ActiveCfg = Release|Any CPU
		{24918796-630B-41A6-B83B-EEEB13276FFE}.Release|Any CPU.Build.0 = Release|Any CPU
		{6303E5D4-9751-4223-AA89-79C25005AE38}.Debug|Any CPU.ActiveCfg = Debug|Any CPU
		{6303E5D4-9751-4223-AA89-79C25005AE38}.Debug|Any CPU.Build.0 = Debug|Any CPU
		{6303E5D4-9751-4223-AA89-79C25005AE38}.Release|Any CPU.ActiveCfg = Release|Any CPU
		{6303E5D4-9751-4223-AA89-79C25005AE38}.Release|Any CPU.Build.0 = Release|Any CPU
	EndGlobalSection
	GlobalSection(SolutionProperties) = preSolution
		HideSolutionNode = FALSE
	EndGlobalSection
	GlobalSection(ExtensibilityGlobals) = postSolution
		SolutionGuid = {B829D410-3E79-442A-AB82-B38D9F3578AB}
	EndGlobalSection
EndGlobal
